
Microsoft Visual Studio Solution File, Format Version 12.00
# Visual Studio 15
VisualStudioVersion = 15.0.28307.421
MinimumVisualStudioVersion = 10.0.40219.1
Project("{FAE04EC0-301F-11D3-BF4B-00C04F79EFBC}") = "JeandreHattingh_19013170_Task01", "JeandreHattingh_19013170_Task01\JeandreHattingh_19013170_Task01.csproj", "{0FE06ED4-2DE6-47E5-98F8-98D41151C175}"
EndProject
Global
	GlobalSection(SolutionConfigurationPlatforms) = preSolution
		Debug|Any CPU = Debug|Any CPU
		Release|Any CPU = Release|Any CPU
	EndGlobalSection
	GlobalSection(ProjectConfigurationPlatforms) = postSolution
		{0FE06ED4-2DE6-47E5-98F8-98D41151C175}.Debug|Any CPU.ActiveCfg = Debug|Any CPU
		{0FE06ED4-2DE6-47E5-98F8-98D41151C175}.Debug|Any CPU.Build.0 = Debug|Any CPU
		{0FE06ED4-2DE6-47E5-98F8-98D41151C175}.Release|Any CPU.ActiveCfg = Release|Any CPU
		{0FE06ED4-2DE6-47E5-98F8-98D41151C175}.Release|Any CPU.Build.0 = Release|Any CPU
	EndGlobalSection
	GlobalSection(SolutionProperties) = preSolution
		HideSolutionNode = FALSE
	EndGlobalSection
	GlobalSection(ExtensibilityGlobals) = postSolution
		SolutionGuid = {C3F75877-2B0B-4CB9-A931-753DF4D766E7}
	EndGlobalSection
EndGlobal
